PODS:
  - RTFView (0.1.14)
  - SnapKit (5.0.1)

DEPENDENCIES:
  - RTFView (from `../`)
  - SnapKit

SPEC REPOS:
  trunk:
    - SnapKit

EXTERNAL SOURCES:
  RTFView:
    :path: "../"
    :testspec:
      - Tests

SPEC CHECKSUMS:
  RTFView: 22cc205e92fb87b2470dc9694929fe5ded94e055
  SnapKit: 97b92857e3df3a0c71833cce143274bf6ef8e5eb

PODFILE CHECKSUM: 8dbe11ae75b9cf24917afe558f72b5d4d88c05d4

COCOAPODS: 1.10.0.beta.1
