PODS:
  - RTFView (0.1.5)
  - SnapKit (5.0.1)

DEPENDENCIES:
  - RTFView (from `../`)
  - SnapKit

SPEC REPOS:
  trunk:
    - SnapKit

EXTERNAL SOURCES:
  RTFView:
    :path: "../"

SPEC CHECKSUMS:
  RTFView: 91c1f4db631775fec527443746e3c8302e1fcfde
  SnapKit: 97b92857e3df3a0c71833cce143274bf6ef8e5eb

PODFILE CHECKSUM: 385edb7f40ae03707dc5e57d2040ad587e10517c

COCOAPODS: 1.9.1
